<?xml version="1.0" encoding="utf-8"?>
<Project ToolsVersion="4.0" xmlns="http://schemas.microsoft.com/developer/msbuild/2003">
  <ItemGroup>
    <Filter Include="Source Files">
      <UniqueIdentifier>{4FC737F1-C7A5-4376-A066-2A32D752A2FF}</UniqueIdentifier>
      <Extensions>cpp;c;cc;cxx;c++;cppm;ixx;def;odl;idl;hpj;bat;asm;asmx</Extensions>
    </Filter>
    <Filter Include="Header Files">
      <UniqueIdentifier>{93995380-89BD-4b04-88EB-625FBE52EBFB}</UniqueIdentifier>
      <Extensions>h;hh;hpp;hxx;h++;hm;inl;inc;ipp;xsd</Extensions>
    </Filter>
    <Filter Include="Resource Files">
      <UniqueIdentifier>{67DA6AB6-F800-4c08-8B7A-83BB121AAD01}</UniqueIdentifier>
      <Extensions>rc;ico;cur;bmp;dlg;rc2;rct;bin;rgs;gif;jpg;jpeg;jpe;resx;tiff;tif;png;wav;mfcribbon-ms</Extensions>
    </Filter>
    <Filter Include="Header Files\Command">
      <UniqueIdentifier>{61bf49bf-b731-4d19-baa1-ba80348c6250}</UniqueIdentifier>
    </Filter>
    <Filter Include="Source Files\Command">
      <UniqueIdentifier>{a2295a97-0337-492e-9218-ce88d328e164}</UniqueIdentifier>
    </Filter>
    <Filter Include="Header Files\Figure">
      <UniqueIdentifier>{9214dbc4-d3d8-48ad-ac65-843c4aa7f46a}</UniqueIdentifier>
    </Filter>
    <Filter Include="Source Files\Figure">
      <UniqueIdentifier>{1742c0a6-bf14-47eb-8fe1-788de708a7ae}</UniqueIdentifier>
    </Filter>
  </ItemGroup>
  <ItemGroup>
    <ClInclude Include="PaintFrame.h">
      <Filter>Header Files</Filter>
    </ClInclude>
    <ClInclude Include="PaintOnClickListeners.h">
      <Filter>Header Files</Filter>
    </ClInclude>
    <ClInclude Include="Subject.h">
      <Filter>Header Files</Filter>
    </ClInclude>
    <ClInclude Include="Observer.h">
      <Filter>Header Files</Filter>
    </ClInclude>
    <ClInclude Include="PaintButtons.h">
      <Filter>Header Files</Filter>
    </ClInclude>
    <ClInclude Include="Command.h">
      <Filter>Header Files\Command</Filter>
    </ClInclude>
    <ClInclude Include="CommandManager.h">
      <Filter>Header Files\Command</Filter>
    </ClInclude>
    <ClInclude Include="CreateFigureCommand.h">
      <Filter>Header Files\Command</Filter>
    </ClInclude>
    <ClInclude Include="GroupFiguresCommand.h">
      <Filter>Header Files\Command</Filter>
    </ClInclude>
    <ClInclude Include="MoveFigureCommand.h">
      <Filter>Header Files\Command</Filter>
    </ClInclude>
    <ClInclude Include="box.h">
      <Filter>Header Files\Figure</Filter>
    </ClInclude>
    <ClInclude Include="figure.h">
      <Filter>Header Files\Figure</Filter>
    </ClInclude>
    <ClInclude Include="myellipse.h">
      <Filter>Header Files\Figure</Filter>
    </ClInclude>
    <ClInclude Include="myrectangle.h">
      <Filter>Header Files\Figure</Filter>
    </ClInclude>
    <ClInclude Include="FigureManager.h">
      <Filter>Header Files\Figure</Filter>
    </ClInclude>
  </ItemGroup>
  <ItemGroup>
    <ClCompile Include="main.cpp">
      <Filter>Source Files</Filter>
    </ClCompile>
    <ClCompile Include="PaintFrame.cpp">
      <Filter>Source Files</Filter>
    </ClCompile>
    <ClCompile Include="PaintOnClickListeners.cpp">
      <Filter>Source Files</Filter>
    </ClCompile>
    <ClCompile Include="Subject.cpp">
      <Filter>Source Files</Filter>
    </ClCompile>
    <ClCompile Include="PaintButtons.cpp">
      <Filter>Source Files</Filter>
    </ClCompile>
    <ClCompile Include="Command.cpp">
      <Filter>Source Files\Command</Filter>
    </ClCompile>
    <ClCompile Include="CreateFigureCommand.cpp">
      <Filter>Source Files\Command</Filter>
    </ClCompile>
    <ClCompile Include="GroupFiguresCommand.cpp">
      <Filter>Source Files\Command</Filter>
    </ClCompile>
    <ClCompile Include="MoveFigureCommand.cpp">
      <Filter>Source Files\Command</Filter>
    </ClCompile>
    <ClCompile Include="CommandManager.cpp">
      <Filter>Source Files\Command</Filter>
    </ClCompile>
    <ClCompile Include="figure.cpp">
      <Filter>Source Files\Figure</Filter>
    </ClCompile>
    <ClCompile Include="box.cpp">
      <Filter>Source Files\Figure</Filter>
    </ClCompile>
    <ClCompile Include="myellipse.cpp">
      <Filter>Source Files\Figure</Filter>
    </ClCompile>
    <ClCompile Include="myrectangle.cpp">
      <Filter>Source Files\Figure</Filter>
    </ClCompile>
    <ClCompile Include="FigureManager.cpp">
      <Filter>Source Files\Figure</Filter>
    </ClCompile>
  </ItemGroup>
</Project>